
Microsoft Visual Studio Solution File, Format Version 12.00
# Visual Studio Version 17
VisualStudioVersion = 17.9.34902.65
MinimumVisualStudioVersion = 10.0.40219.1
Project("{9A19103F-16F7-4668-BE54-9A1E7A4F7556}") = "Options.File.Editor", "Options.File.Editor.csproj", "{7C32D239-B867-4805-AE7E-602608EC915A}"
EndProject
Project("{9A19103F-16F7-4668-BE54-9A1E7A4F7556}") = "Options.File.Editor.Desktop", "..\Options.File.Editor.Desktop\Options.File.Editor.Desktop.csproj", "{2690EADC-69B2-4097-A77F-F1D1F61EE146}"
EndProject
Global
	GlobalSection(SolutionConfigurationPlatforms) = preSolution
		Debug|Any CPU = Debug|Any CPU
		Release|Any CPU = Release|Any CPU
	EndGlobalSection
	GlobalSection(ProjectConfigurationPlatforms) = postSolution
		{7C32D239-B867-4805-AE7E-602608EC915A}.Debug|Any CPU.ActiveCfg = Debug|Any CPU
		{7C32D239-B867-4805-AE7E-602608EC915A}.Debug|Any CPU.Build.0 = Debug|Any CPU
		{7C32D239-B867-4805-AE7E-602608EC915A}.Release|Any CPU.ActiveCfg = Release|Any CPU
		{7C32D239-B867-4805-AE7E-602608EC915A}.Release|Any CPU.Build.0 = Release|Any CPU
		{2690EADC-69B2-4097-A77F-F1D1F61EE146}.Debug|Any CPU.ActiveCfg = Debug|Any CPU
		{2690EADC-69B2-4097-A77F-F1D1F61EE146}.Debug|Any CPU.Build.0 = Debug|Any CPU
		{2690EADC-69B2-4097-A77F-F1D1F61EE146}.Release|Any CPU.ActiveCfg = Release|Any CPU
		{2690EADC-69B2-4097-A77F-F1D1F61EE146}.Release|Any CPU.Build.0 = Release|Any CPU
	EndGlobalSection
	GlobalSection(SolutionProperties) = preSolution
		HideSolutionNode = FALSE
	EndGlobalSection
	GlobalSection(ExtensibilityGlobals) = postSolution
		SolutionGuid = {64BE14A9-3ADE-4061-AAA9-1933FBEC8676}
	EndGlobalSection
EndGlobal
